
Microsoft Visual Studio Solution File, Format Version 12.00
# Visual Studio 15
VisualStudioVersion = 15.0.27004.2006
MinimumVisualStudioVersion = 10.0.40219.1
Project("{FAE04EC0-301F-11D3-BF4B-00C04F79EFBC}") = "xadrez", "xadrez\xadrez.csproj", "{DA27B6E2-0554-4D13-AB78-168C41CF31FC}"
EndProject
Global
	GlobalSection(SolutionConfigurationPlatforms) = preSolution
		Debug|Any CPU = Debug|Any CPU
		Release|Any CPU = Release|Any CPU
	EndGlobalSection
	GlobalSection(ProjectConfigurationPlatforms) = postSolution
		{DA27B6E2-0554-4D13-AB78-168C41CF31FC}.Debug|Any CPU.ActiveCfg = Debug|Any CPU
		{DA27B6E2-0554-4D13-AB78-168C41CF31FC}.Debug|Any CPU.Build.0 = Debug|Any CPU
		{DA27B6E2-0554-4D13-AB78-168C41CF31FC}.Release|Any CPU.ActiveCfg = Release|Any CPU
		{DA27B6E2-0554-4D13-AB78-168C41CF31FC}.Release|Any CPU.Build.0 = Release|Any CPU
	EndGlobalSection
	GlobalSection(SolutionProperties) = preSolution
		HideSolutionNode = FALSE
	EndGlobalSection
	GlobalSection(ExtensibilityGlobals) = postSolution
		SolutionGuid = {383F63CE-8B18-43FE-8555-63848DB42D62}
	EndGlobalSection
EndGlobal
